// !$*UTF8*$!
{
	archiveVersion = 1;
	classes = {
	};
	objectVersion = 48;
	objects = {

/* Begin PBXBuildFile section */
		558BAB8E1F2C013A003087BF /* AppDelegate.swift in Sources */ = {isa = PBXBuildFile; fileRef = 558BAB8D1F2C013A003087BF /* AppDelegate.swift */; };
		558BAB901F2C013A003087BF /* ViewController.swift in Sources */ = {isa = PBXBuildFile; fileRef = 558BAB8F1F2C013A003087BF /* ViewController.swift */; };
		558BAB931F2C013A003087BF /* Main.storyboard in Resources */ = {isa = PBXBuildFile; fileRef = 558BAB911F2C013A003087BF /* Main.storyboard */; };
		558BAB951F2C013A003087BF /* Assets.xcassets in Resources */ = {isa = PBXBuildFile; fileRef = 558BAB941F2C013A003087BF /* Assets.xcassets */; };
		558BAB981F2C013A003087BF /* LaunchScreen.storyboard in Resources */ = {isa = PBXBuildFile; fileRef = 558BAB961F2C013A003087BF /* LaunchScreen.storyboard */; };
/* End PBXBuildFile section */

/* Begin PBXFileReference section */
		558BAB8A1F2C013A003087BF /* hustle-mode-demo.app */ = {isa = PBXFileReference; explicitFileType = wrapper.application; includeInIndex = 0; path = "hustle-mode-demo.app"; sourceTree = BUILT_PRODUCTS_DIR; };
		558BAB8D1F2C013A003087BF /* AppDelegate.swift */ = {isa = PBXFileReference; lastKnownFileType = sourcecode.swift; path = AppDelegate.swift; sourceTree = "<group>"; };
		558BAB8F1F2C013A003087BF /* ViewController.swift */ = {isa = PBXFileReference; lastKnownFileType = sourcecode.swift; path = ViewController.swift; sourceTree = "<group>"; };
		558BAB921F2C013A003087BF /* Base */ = {isa = PBXFileReference; lastKnownFileType = file.storyboard; name = Base; path = Base.lproj/Main.storyboard; sourceTree = "<group>"; };
		558BAB941F2C013A003087BF /* Assets.xcassets */ = {isa = PBXFileReference; lastKnownFileType = folder.assetcatalog; path = Assets.xcassets; sourceTree = "<group>"; };
		558BAB971F2C013A003087BF /* Base */ = {isa = PBXFileReference; lastKnownFileType = file.storyboard; name = Base; path = Base.lproj/LaunchScreen.storyboard; sourceTree = "<group>"; };
		558BAB991F2C013A003087BF /* Info.plist */ = {isa = PBXFileReference; lastKnownFileType = text.plist.xml; path = Info.plist; sourceTree = "<group>"; };
/* End PBXFileReference section */

/* Begin PBXFrameworksBuildPhase section */
		558BAB871F2C013A003087BF /* Frameworks */ = {
			isa = PBXFrameworksBuildPhase;
			buildActionMask = 2147483647;
			files = (
			);
			runOnlyForDeploymentPostprocessing = 0;
		};
/* End PBXFrameworksBuildPhase section */

/* Begin PBXGroup section */
		558BAB811F2C013A003087BF = {
			isa = PBXGroup;
			children = (
				558BAB8C1F2C013A003087BF /* hustle-mode-demo */,
				558BAB8B1F2C013A003087BF /* Products */,
			);
			sourceTree = "<group>";
		};
		558BAB8B1F2C013A003087BF /* Products */ = {
			isa = PBXGroup;
			children = (
				558BAB8A1F2C013A003087BF /* hustle-mode-demo.app */,
			);
			name = Products;
			sourceTree = "<group>";
		};
		558BAB8C1F2C013A003087BF /* hustle-mode-demo */ = {
			isa = PBXGroup;
			children = (
				558BAB8D1F2C013A003087BF /* AppDelegate.swift */,
				558BAB8F1F2C013A003087BF /* ViewController.swift */,
				558BAB911F2C013A003087BF /* Main.storyboard */,
				558BAB941F2C013A003087BF /* Assets.xcassets */,
				558BAB961F2C013A003087BF /* LaunchScreen.storyboard */,
				558BAB991F2C013A003087BF /* Info.plist */,
			);
			path = "hustle-mode-demo";
			sourceTree = "<group>";
		};
/* End PBXGroup section */

/* Begin PBXNativeTarget section */
		558BAB891F2C013A003087BF /* hustle-mode-demo */ = {
			isa = PBXNativeTarget;
			buildConfigurationList = 558BAB9C1F2C013A003087BF /* Build configuration list for PBXNativeTarget "hustle-mode-demo" */;
			buildPhases = (
				558BAB861F2C013A003087BF /* Sources */,
				558BAB871F2C013A003087BF /* Frameworks */,
				558BAB881F2C013A003087BF /* Resources */,
			);
			buildRules = (
			);
			dependencies = (
			);
			name = "hustle-mode-demo";
			productName = "hustle-mode-demo";
			productReference = 558BAB8A1F2C013A003087BF /* hustle-mode-demo.app */;
			productType = "com.apple.product-type.application";
		};
/* End PBXNativeTarget section */

/* Begin PBXProject section */
		558BAB821F2C013A003087BF /* Project object */ = {
			isa = PBXProject;
			attributes = {
				LastSwiftUpdateCheck = 0900;
				LastUpgradeCheck = 0900;
				ORGANIZATIONNAME = "Million Stars, LLC";
				TargetAttributes = {
					558BAB891F2C013A003087BF = {
						CreatedOnToolsVersion = 9.0;
					};
				};
			};
			buildConfigurationList = 558BAB851F2C013A003087BF /* Build configuration list for PBXProject "hustle-mode-demo" */;
			compatibilityVersion = "Xcode 8.0";
			developmentRegion = en;
			hasScannedForEncodings = 0;
			knownRegions = (
				en,
				Base,
			);
			mainGroup = 558BAB811F2C013A003087BF;
			productRefGroup = 558BAB8B1F2C013A003087BF /* Products */;
			projectDirPath = "";
			projectRoot = "";
			targets = (
				558BAB891F2C013A003087BF /* hustle-mode-demo */,
			);
		};
/* End PBXProject section */

/* Begin PBXResourcesBuildPhase section */
		558BAB881F2C013A003087BF /* Resources */ = {
			isa = PBXResourcesBuildPhase;
			buildActionMask = 2147483647;
			files = (
				558BAB981F2C013A003087BF /* LaunchScreen.storyboard in Resources */,
				558BAB951F2C013A003087BF /* Assets.xcassets in Resources */,
				558BAB931F2C013A003087BF /* Main.storyboard in Resources */,
			);
			runOnlyForDeploymentPostprocessing = 0;
		};
/* End PBXResourcesBuildPhase section */

/* Begin PBXSourcesBuildPhase section */
		558BAB861F2C013A003087BF /* Sources */ = {
			isa = PBXSourcesBuildPhase;
			buildActionMask = 2147483647;
			files = (
				558BAB901F2C013A003087BF /* ViewController.swift in Sources */,
				558BAB8E1F2C013A003087BF /* AppDelegate.swift in Sources */,
			);
			runOnlyForDeploymentPostprocessing = 0;
		};
/* End PBXSourcesBuildPhase section */

/* Begin PBXVariantGroup section */
		558BAB911F2C013A003087BF /* Main.storyboard */ = {
			isa = PBXVariantGroup;
			children = (
				558BAB921F2C013A003087BF /* Base */,
			);
			name = Main.storyboard;
			sourceTree = "<group>";
		};
		558BAB961F2C013A003087BF /* LaunchScreen.storyboard */ = {
			isa = PBXVariantGroup;
			children = (
				558BAB971F2C013A003087BF /* Base */,
			);
			name = LaunchScreen.storyboard;
			sourceTree = "<group>";
		};
/* End PBXVariantGroup section */

/* Begin XCBuildConfiguration section */
		558BAB9A1F2C013A003087BF /* Debug */ = {
			isa = XCBuildConfiguration;
			buildSettings = {
				ALWAYS_SEARCH_USER_PATHS = NO;
				CLANG_ANALYZER_NONNULL = YES;
				CLANG_ANALYZER_NUMBER_OBJECT_CONVERSION = YES_AGGRESSIVE;
				CLANG_CXX_LANGUAGE_STANDARD = "gnu++14";
				CLANG_CXX_LIBRARY = "libc++";
				CLANG_ENABLE_MODULES = YES;
				CLANG_ENABLE_OBJC_ARC = YES;
				CLANG_WARN_BLOCK_CAPTURE_AUTORELEASING = YES;
				CLANG_WARN_BOOL_CONVERSION = YES;
				CLANG_WARN_COMMA = YES;
				CLANG_WARN_CONSTANT_CONVERSION = YES;
				CLANG_WARN_DIRECT_OBJC_ISA_USAGE = YES_ERROR;
				CLANG_WARN_DOCUMENTATION_COMMENTS = YES;
				CLANG_WARN_EMPTY_BODY = YES;
				CLANG_WARN_ENUM_CONVERSION = YES;
				CLANG_WARN_INFINITE_RECURSION = YES;
				CLANG_WARN_INT_CONVERSION = YES;
				CLANG_WARN_NON_LITERAL_NULL_CONVERSION = YES;
				CLANG_WARN_OBJC_LITERAL_CONVERSION = YES;
				CLANG_WARN_OBJC_ROOT_CLASS = YES_ERROR;
				CLANG_WARN_RANGE_LOOP_ANALYSIS = YES;
				CLANG_WARN_STRICT_PROTOTYPES = YES;
				CLANG_WARN_SUSPICIOUS_MOVE = YES;
				CLANG_WARN_UNGUARDED_AVAILABILITY = YES_AGGRESSIVE;
				CLANG_WARN_UNREACHABLE_CODE = YES;
				CLANG_WARN__DUPLICATE_METHOD_MATCH = YES;
				CODE_SIGN_IDENTITY = "iPhone Developer";
				COPY_PHASE_STRIP = NO;
				DEBUG_INFORMATION_FORMAT = dwarf;
				ENABLE_STRICT_OBJC_MSGSEND = YES;
				ENABLE_TESTABILITY = YES;
				GCC_C_LANGUAGE_STANDARD = gnu11;
				GCC_DYNAMIC_NO_PIC = NO;
				GCC_NO_COMMON_BLOCKS = YES;
				GCC_OPTIMIZATION_LEVEL = 0;
				GCC_PREPROCESSOR_DEFINITIONS = (
					"DEBUG=1",
					"$(inherited)",
				);
				GCC_WARN_64_TO_32_BIT_CONVERSION = YES;
				GCC_WARN_ABOUT_RETURN_TYPE = YES_ERROR;
				GCC_WARN_UNDECLARED_SELECTOR = YES;
				GCC_WARN_UNINITIALIZED_AUTOS = YES_AGGRESSIVE;
				GCC_WARN_UNUSED_FUNCTION = YES;
				GCC_WARN_UNUSED_VARIABLE = YES;
				IPHONEOS_DEPLOYMENT_TARGET = 11.0;
				MTL_ENABLE_DEBUG_INFO = YES;
				ONLY_ACTIVE_ARCH = YES;
				SDKROOT = iphoneos;
				SWIFT_ACTIVE_COMPILATION_CONDITIONS = DEBUG;
				SWIFT_OPTIMIZATION_LEVEL = "-Onone";
			};
			name = Debug;
		};
		558BAB9B1F2C013A003087BF /* Release */ = {
			isa = XCBuildConfiguration;
			buildSettings = {
				ALWAYS_SEARCH_USER_PATHS = NO;
				CLANG_ANALYZER_NONNULL = YES;
				CLANG_ANALYZER_NUMBER_OBJECT_CONVERSION = YES_AGGRESSIVE;
				CLANG_CXX_LANGUAGE_STANDARD = "gnu++14";
				CLANG_CXX_LIBRARY = "libc++";
				CLANG_ENABLE_MODULES = YES;
				CLANG_ENABLE_OBJC_ARC = YES;
				CLANG_WARN_BLOCK_CAPTURE_AUTORELEASING = YES;
				CLANG_WARN_BOOL_CONVERSION = YES;
				CLANG_WARN_COMMA = YES;
				CLANG_WARN_CONSTANT_CONVERSION = YES;
				CLANG_WARN_DIRECT_OBJC_ISA_USAGE = YES_ERROR;
				CLANG_WARN_DOCUMENTATION_COMMENTS = YES;
				CLANG_WARN_EMPTY_BODY = YES;
				CLANG_WARN_ENUM_CONVERSION = YES;
				CLANG_WARN_INFINITE_RECURSION = YES;
				CLANG_WARN_INT_CONVERSION = YES;
				CLANG_WARN_NON_LITERAL_NULL_CONVERSION = YES;
				CLANG_WARN_OBJC_LITERAL_CONVERSION = YES;
				CLANG_WARN_OBJC_ROOT_CLASS = YES_ERROR;
				CLANG_WARN_RANGE_LOOP_ANALYSIS = YES;
				CLANG_WARN_STRICT_PROTOTYPES = YES;
				CLANG_WARN_SUSPICIOUS_MOVE = YES;
				CLANG_WARN_UNGUARDED_AVAILABILITY = YES_AGGRESSIVE;
				CLANG_WARN_UNREACHABLE_CODE = YES;
				CLANG_WARN__DUPLICATE_METHOD_MATCH = YES;
				CODE_SIGN_IDENTITY = "iPhone Developer";
				COPY_PHASE_STRIP = NO;
				DEBUG_INFORMATION_FORMAT = "dwarf-with-dsym";
				ENABLE_NS_ASSERTIONS = NO;
				ENABLE_STRICT_OBJC_MSGSEND = YES;
				GCC_C_LANGUAGE_STANDARD = gnu11;
				GCC_NO_COMMON_BLOCKS = YES;
				GCC_WARN_64_TO_32_BIT_CONVERSION = YES;
				GCC_WARN_ABOUT_RETURN_TYPE = YES_ERROR;
				GCC_WARN_UNDECLARED_SELECTOR = YES;
				GCC_WARN_UNINITIALIZED_AUTOS = YES_AGGRESSIVE;
				GCC_WARN_UNUSED_FUNCTION = YES;
				GCC_WARN_UNUSED_VARIABLE = YES;
				IPHONEOS_DEPLOYMENT_TARGET = 11.0;
				MTL_ENABLE_DEBUG_INFO = NO;
				SDKROOT = iphoneos;
				SWIFT_OPTIMIZATION_LEVEL = "-Owholemodule";
				VALIDATE_PRODUCT = YES;
			};
			name = Release;
		};
		558BAB9D1F2C013A003087BF /* Debug */ = {
			isa = XCBuildConfiguration;
			buildSettings = {
				ASSETCATALOG_COMPILER_APPICON_NAME = AppIcon;
				DEVELOPMENT_TEAM = 54A8RVZ888;
				INFOPLIST_FILE = "hustle-mode-demo/Info.plist";
				LD_RUNPATH_SEARCH_PATHS = "$(inherited) @executable_path/Frameworks";
				PRODUCT_BUNDLE_IDENTIFIER = "com.millionstarsllC.hustle-mode-demo";
				PRODUCT_NAME = "$(TARGET_NAME)";
				SWIFT_VERSION = 4.0;
				TARGETED_DEVICE_FAMILY = "1,2";
			};
			name = Debug;
		};
		558BAB9E1F2C013A003087BF /* Release */ = {
			isa = XCBuildConfiguration;
			buildSettings = {
				ASSETCATALOG_COMPILER_APPICON_NAME = AppIcon;
				DEVELOPMENT_TEAM = 54A8RVZ888;
				INFOPLIST_FILE = "hustle-mode-demo/Info.plist";
				LD_RUNPATH_SEARCH_PATHS = "$(inherited) @executable_path/Frameworks";
				PRODUCT_BUNDLE_IDENTIFIER = "com.millionstarsllC.hustle-mode-demo";
				PRODUCT_NAME = "$(TARGET_NAME)";
				SWIFT_VERSION = 4.0;
				TARGETED_DEVICE_FAMILY = "1,2";
			};
			name = Release;
		};
/* End XCBuildConfiguration section */

/* Begin XCConfigurationList section */
		558BAB851F2C013A003087BF /* Build configuration list for PBXProject "hustle-mode-demo" */ = {
			isa = XCConfigurationList;
			buildConfigurations = (
				558BAB9A1F2C013A003087BF /* Debug */,
				558BAB9B1F2C013A003087BF /* Release */,
			);
			defaultConfigurationIsVisible = 0;
			defaultConfigurationName = Release;
		};
		558BAB9C1F2C013A003087BF /* Build configuration list for PBXNativeTarget "hustle-mode-demo" */ = {
			isa = XCConfigurationList;
			buildConfigurations = (
				558BAB9D1F2C013A003087BF /* Debug */,
				558BAB9E1F2C013A003087BF /* Release */,
			);
			defaultConfigurationIsVisible = 0;
			defaultConfigurationName = Release;
		};
/* End XCConfigurationList section */
	};
	rootObject = 558BAB821F2C013A003087BF /* Project object */;
}
